<?xml version="1.0" encoding="utf-8"?>
<Project ToolsVersion="4.0" xmlns="http://schemas.microsoft.com/developer/msbuild/2003">
  <ItemGroup>
    <Filter Include="Resource Files">
      <UniqueIdentifier>{67DA6AB6-F800-4c08-8B7A-83BB121AAD01}</UniqueIdentifier>
      <Extensions>rc;ico;cur;bmp;dlg;rc2;rct;bin;rgs;gif;jpg;jpeg;jpe;resx;tiff;tif;png;wav;mfcribbon-ms</Extensions>
    </Filter>
    <Filter Include="Resource Files\Assets">
      <UniqueIdentifier>{8792fb9f-8448-4902-97b8-3cab6b13e08e}</UniqueIdentifier>
    </Filter>
    <Filter Include="Resource Files\Scene">
      <UniqueIdentifier>{adb916e2-9768-4a73-a982-2198cf00f535}</UniqueIdentifier>
    </Filter>
    <Filter Include="Core">
      <UniqueIdentifier>{3e1a39b4-803c-4491-93bc-9fbe67770787}</UniqueIdentifier>
    </Filter>
    <Filter Include="GameObject">
      <UniqueIdentifier>{9ace5821-ce38-4ee0-887a-6ec1bc48583b}</UniqueIdentifier>
    </Filter>
    <Filter Include="Core\Lib">
      <UniqueIdentifier>{ed678d56-b3ff-4a55-9608-3a9d770ced2e}</UniqueIdentifier>
    </Filter>
    <Filter Include="Core\Lib\Xml">
      <UniqueIdentifier>{194beb61-87ab-41d4-b1b1-035fa8f74273}</UniqueIdentifier>
    </Filter>
    <Filter Include="Core\Animation">
      <UniqueIdentifier>{563fa369-ba0d-4e2c-a404-c6a15bc9df6f}</UniqueIdentifier>
    </Filter>
    <Filter Include="Core\Constants">
      <UniqueIdentifier>{b11693fd-1ab2-44aa-95e3-8196ac7c6448}</UniqueIdentifier>
    </Filter>
    <Filter Include="Core\Collision">
      <UniqueIdentifier>{a1d75f3a-cef1-43b2-882e-6b37c7c4a8ba}</UniqueIdentifier>
    </Filter>
    <Filter Include="Core\IO">
      <UniqueIdentifier>{29cc55b7-7421-4658-9e80-0a2bb3b07e26}</UniqueIdentifier>
    </Filter>
    <Filter Include="Core\Scene">
      <UniqueIdentifier>{3ba7d721-68ec-4011-bad6-a8f6445caa95}</UniqueIdentifier>
    </Filter>
    <Filter Include="Core\Graphic">
      <UniqueIdentifier>{7bf95f07-3bd8-4eb4-bc8b-d118720cf938}</UniqueIdentifier>
    </Filter>
  </ItemGroup>
  <ItemGroup>
    <None Include="packages.config" />
    <None Include="ClassDiagram.cd" />
    <None Include="scenes\world_1_1.tmx">
      <Filter>Resource Files\Scene</Filter>
    </None>
  </ItemGroup>
  <ItemGroup>
    <ClInclude Include="Utils.h">
      <Filter>Resource Files</Filter>
    </ClInclude>
    <ClInclude Include="tinystr.h">
      <Filter>Core\Lib\Xml</Filter>
    </ClInclude>
    <ClInclude Include="tinyxml.h">
      <Filter>Core\Lib\Xml</Filter>
    </ClInclude>
    <ClInclude Include="VenusFireTrap.h">
      <Filter>GameObject</Filter>
    </ClInclude>
    <ClInclude Include="Tile.h">
      <Filter>GameObject</Filter>
    </ClInclude>
    <ClInclude Include="QuestionBrick.h">
      <Filter>GameObject</Filter>
    </ClInclude>
    <ClInclude Include="Point.h">
      <Filter>GameObject</Filter>
    </ClInclude>
    <ClInclude Include="Portal.h">
      <Filter>GameObject</Filter>
    </ClInclude>
    <ClInclude Include="Platform.h">
      <Filter>GameObject</Filter>
    </ClInclude>
    <ClInclude Include="Koopa.h">
      <Filter>GameObject</Filter>
    </ClInclude>
    <ClInclude Include="Leaf.h">
      <Filter>GameObject</Filter>
    </ClInclude>
    <ClInclude Include="LifeMushRoom.h">
      <Filter>GameObject</Filter>
    </ClInclude>
    <ClInclude Include="Mario.h">
      <Filter>GameObject</Filter>
    </ClInclude>
    <ClInclude Include="Mushroom.h">
      <Filter>GameObject</Filter>
    </ClInclude>
    <ClInclude Include="Pipe.h">
      <Filter>GameObject</Filter>
    </ClInclude>
    <ClInclude Include="InvisiblePlatform.h">
      <Filter>GameObject</Filter>
    </ClInclude>
    <ClInclude Include="Goomba.h">
      <Filter>GameObject</Filter>
    </ClInclude>
    <ClInclude Include="GameObject.h">
      <Filter>GameObject</Filter>
    </ClInclude>
    <ClInclude Include="Game.h">
      <Filter>Core</Filter>
    </ClInclude>
    <ClInclude Include="FireBall.h">
      <Filter>GameObject</Filter>
    </ClInclude>
    <ClInclude Include="BreakableBrick.h">
      <Filter>GameObject</Filter>
    </ClInclude>
    <ClInclude Include="Brick.h">
      <Filter>GameObject</Filter>
    </ClInclude>
    <ClInclude Include="Coin.h">
      <Filter>GameObject</Filter>
    </ClInclude>
    <ClInclude Include="Animation.h">
      <Filter>Core\Animation</Filter>
    </ClInclude>
    <ClInclude Include="AnimationFrame.h">
      <Filter>Core\Animation</Filter>
    </ClInclude>
    <ClInclude Include="Animations.h">
      <Filter>Core\Animation</Filter>
    </ClInclude>
    <ClInclude Include="AssetIDs.h">
      <Filter>Core\Constants</Filter>
    </ClInclude>
    <ClInclude Include="debug.h">
      <Filter>Core\Lib</Filter>
    </ClInclude>
    <ClInclude Include="Collision.h">
      <Filter>Core\Collision</Filter>
    </ClInclude>
    <ClInclude Include="const.h">
      <Filter>Core\Constants</Filter>
    </ClInclude>
    <ClInclude Include="SampleKeyEventHandler.h">
      <Filter>Core\IO</Filter>
    </ClInclude>
    <ClInclude Include="KeyEventHandler.h">
      <Filter>Core\IO</Filter>
    </ClInclude>
    <ClInclude Include="PlayScene.h">
      <Filter>Core\Scene</Filter>
    </ClInclude>
    <ClInclude Include="Scene.h">
      <Filter>Core\Scene</Filter>
    </ClInclude>
    <ClInclude Include="Sprite.h">
      <Filter>Core\Graphic</Filter>
    </ClInclude>
    <ClInclude Include="Sprites.h">
      <Filter>Core\Graphic</Filter>
    </ClInclude>
    <ClInclude Include="Texture.h">
      <Filter>Core\Graphic</Filter>
    </ClInclude>
    <ClInclude Include="Textures.h">
      <Filter>Core\Graphic</Filter>
    </ClInclude>
  </ItemGroup>
  <ItemGroup>
    <ClCompile Include="Brick.cpp">
      <Filter>GameObject</Filter>
    </ClCompile>
    <ClCompile Include="Coin.cpp">
      <Filter>GameObject</Filter>
    </ClCompile>
    <ClCompile Include="FireBall.cpp">
      <Filter>GameObject</Filter>
    </ClCompile>
    <ClCompile Include="Game.cpp">
      <Filter>Core</Filter>
    </ClCompile>
    <ClCompile Include="GameObject.cpp">
      <Filter>GameObject</Filter>
    </ClCompile>
    <ClCompile Include="Goomba.cpp">
      <Filter>GameObject</Filter>
    </ClCompile>
    <ClCompile Include="InvisiblePlatform.cpp">
      <Filter>GameObject</Filter>
    </ClCompile>
    <ClCompile Include="Koopa.cpp">
      <Filter>GameObject</Filter>
    </ClCompile>
    <ClCompile Include="Leaf.cpp">
      <Filter>GameObject</Filter>
    </ClCompile>
    <ClCompile Include="LifeMushRoom.cpp">
      <Filter>GameObject</Filter>
    </ClCompile>
    <ClCompile Include="main.cpp">
      <Filter>Core</Filter>
    </ClCompile>
    <ClCompile Include="Mario.cpp">
      <Filter>GameObject</Filter>
    </ClCompile>
    <ClCompile Include="Mushroom.cpp">
      <Filter>GameObject</Filter>
    </ClCompile>
    <ClCompile Include="Pipe.cpp">
      <Filter>GameObject</Filter>
    </ClCompile>
    <ClCompile Include="Platform.cpp">
      <Filter>GameObject</Filter>
    </ClCompile>
    <ClCompile Include="Point.cpp">
      <Filter>GameObject</Filter>
    </ClCompile>
    <ClCompile Include="Portal.cpp">
      <Filter>GameObject</Filter>
    </ClCompile>
    <ClCompile Include="QuestionBrick.cpp">
      <Filter>GameObject</Filter>
    </ClCompile>
    <ClCompile Include="Sprite.cpp">
      <Filter>GameObject</Filter>
    </ClCompile>
    <ClCompile Include="VenusFireTrap.cpp">
      <Filter>GameObject</Filter>
    </ClCompile>
    <ClCompile Include="Tile.cpp">
      <Filter>GameObject</Filter>
    </ClCompile>
    <ClCompile Include="tinystr.cpp">
      <Filter>Core\Lib\Xml</Filter>
    </ClCompile>
    <ClCompile Include="tinyxml.cpp">
      <Filter>Core\Lib\Xml</Filter>
    </ClCompile>
    <ClCompile Include="tinyxmlerror.cpp">
      <Filter>Core\Lib\Xml</Filter>
    </ClCompile>
    <ClCompile Include="tinyxmlparser.cpp">
      <Filter>Core\Lib\Xml</Filter>
    </ClCompile>
    <ClCompile Include="Utils.cpp">
      <Filter>Core\Lib</Filter>
    </ClCompile>
    <ClCompile Include="debug.cpp">
      <Filter>Core\Lib</Filter>
    </ClCompile>
    <ClCompile Include="Animation.cpp">
      <Filter>Core\Animation</Filter>
    </ClCompile>
    <ClCompile Include="Animations.cpp">
      <Filter>Core\Animation</Filter>
    </ClCompile>
    <ClCompile Include="Collision.cpp">
      <Filter>Core\Collision</Filter>
    </ClCompile>
    <ClCompile Include="SampleKeyEventHandler.cpp">
      <Filter>Core\IO</Filter>
    </ClCompile>
    <ClCompile Include="PlayScene.cpp">
      <Filter>Core\Scene</Filter>
    </ClCompile>
    <ClCompile Include="Sprites.cpp">
      <Filter>Core\Graphic</Filter>
    </ClCompile>
    <ClCompile Include="Textures.cpp">
      <Filter>Core\Graphic</Filter>
    </ClCompile>
  </ItemGroup>
  <ItemGroup>
    <Text Include="mario-sample.txt">
      <Filter>Resource Files</Filter>
    </Text>
    <Text Include="assets\brick.txt">
      <Filter>Resource Files\Assets</Filter>
    </Text>
    <Text Include="assets\cloud.txt">
      <Filter>Resource Files\Assets</Filter>
    </Text>
    <Text Include="assets\coin.txt">
      <Filter>Resource Files\Assets</Filter>
    </Text>
    <Text Include="assets\fireball.txt">
      <Filter>Resource Files\Assets</Filter>
    </Text>
    <Text Include="assets\font.txt">
      <Filter>Resource Files\Assets</Filter>
    </Text>
    <Text Include="assets\goomba.txt">
      <Filter>Resource Files\Assets</Filter>
    </Text>
    <Text Include="assets\item.txt">
      <Filter>Resource Files\Assets</Filter>
    </Text>
    <Text Include="assets\koopa.txt">
      <Filter>Resource Files\Assets</Filter>
    </Text>
    <Text Include="assets\mario.txt">
      <Filter>Resource Files\Assets</Filter>
    </Text>
    <Text Include="assets\pipe.txt">
      <Filter>Resource Files\Assets</Filter>
    </Text>
    <Text Include="assets\platform.txt">
      <Filter>Resource Files\Assets</Filter>
    </Text>
    <Text Include="assets\venus_fire_trap.txt">
      <Filter>Resource Files\Assets</Filter>
    </Text>
    <Text Include="scenes\world-1-1.txt">
      <Filter>Resource Files\Scene</Filter>
    </Text>
  </ItemGroup>
  <ItemGroup>
    <Xml Include="scenes\world_1_1.xml">
      <Filter>Resource Files\Scene</Filter>
    </Xml>
  </ItemGroup>
  <ItemGroup>
    <Image Include="scenes\world-1-1.png">
      <Filter>Resource Files\Scene</Filter>
    </Image>
  </ItemGroup>
</Project>